%{
  "amqp": {:hex, :amqp, "2.1.1", "ad8dec713ba885afffffcb81feb619fe7cfcbcabe9377ab65ab7a110bd4f43a0", [:mix], [{:amqp_client, "~> 3.8.0", [hex: :amqp_client, repo: "hexpm", optional: false]}], "hexpm", "b6d926770e4508e30e3e9e476c57b6c8aeda44f7715663bdc38935620ce5be6f"},
  "amqp_client": {:hex, :amqp_client, "3.8.14", "7569517aefb47e0d1c41bca2f4768dc8a2d88487daf7819fecca0d78943f293c", [:make, :rebar3], [{:rabbit_common, "3.8.14", [hex: :rabbit_common, repo: "hexpm", optional: false]}], "hexpm", "e5ba3ac18abbe34a1d990a6bcac25633dc7061ab8f8d101c7dcff97f49f4c523"},
  "confex": {:hex, :confex, "3.5.0", "163857c73dd8f88a3815663f4bc00bee1b9c65daf40aa6e0d6ef272757fd22c7", [:mix], [], "hexpm", "34a9e31230c7fbb3dbe60db00341d0c84ee44ba3caf84b498f501c0bc8563570"},
  "credentials_obfuscation": {:hex, :credentials_obfuscation, "2.4.0", "9fb57683b84899ca3546b384e59ab5d3054a9f334eba50d74c82cd0ae82dd6ca", [:rebar3], [], "hexpm", "d28a89830e30698b075de9a4dbe683a20685c6bed1e3b7df744a0c06e6ff200a"},
  "goldrush": {:hex, :goldrush, "0.1.9", "f06e5d5f1277da5c413e84d5a2924174182fb108dabb39d5ec548b27424cd106", [:rebar3], [], "hexpm", "99cb4128cffcb3227581e5d4d803d5413fa643f4eb96523f77d9e6937d994ceb"},
  "jason": {:hex, :jason, "1.2.2", "ba43e3f2709fd1aa1dce90aaabfd039d000469c05c56f0b8e31978e03fa39052", [:mix], [{:decimal, "~> 1.0 or ~> 2.0", [hex: :decimal, repo: "hexpm", optional: true]}], "hexpm", "18a228f5f0058ee183f29f9eae0805c6e59d61c3b006760668d8d18ff0d12179"},
  "jsx": {:hex, :jsx, "2.11.0", "08154624050333919b4ac1b789667d5f4db166dc50e190c4d778d1587f102ee0", [:rebar3], [], "hexpm", "eed26a0d04d217f9eecefffb89714452556cf90eb38f290a27a4d45b9988f8c0"},
  "lager": {:hex, :lager, "3.8.2", "b180b814fd8b7082b6ca8aaf287e55a908d304cfc7a240d32f4db2d07092b7d0", [:rebar3], [{:goldrush, "0.1.9", [hex: :goldrush, repo: "hexpm", optional: false]}], "hexpm", "73329ce700410b423f64aafc5f94583073904899098e4461f3558ed2980462ab"},
  "rabbit_common": {:hex, :rabbit_common, "3.8.14", "cc1604891295cd82f34597f1526ac611ea7b6a0e57b3dd79b41cb4224bcc6ec5", [:make, :rebar3], [{:credentials_obfuscation, "2.4.0", [hex: :credentials_obfuscation, repo: "hexpm", optional: false]}, {:jsx, "2.11.0", [hex: :jsx, repo: "hexpm", optional: false]}, {:lager, "3.8.2", [hex: :lager, repo: "hexpm", optional: false]}, {:recon, "2.5.1", [hex: :recon, repo: "hexpm", optional: false]}], "hexpm", "27409e425413cdd3fc2c077cf08226c4a307d56b1467883f26ab3789b2e106d0"},
  "recon": {:hex, :recon, "2.5.1", "430ffa60685ac1efdfb1fe4c97b8767c92d0d92e6e7c3e8621559ba77598678a", [:mix, :rebar3], [], "hexpm", "5721c6b6d50122d8f68cccac712caa1231f97894bab779eff5ff0f886cb44648"},
}
